
Microsoft Visual Studio Solution File, Format Version 12.00
Project("{FAE04EC0-301F-11D3-BF4B-00C04F79EFBC}") = "P4TLBMasterServer", "P4TLBMasterServer.csproj", "{66716457-0D8A-4EE9-9CBE-FDE8235C7AA8}"
EndProject
Project("{FAE04EC0-301F-11D3-BF4B-00C04F79EFBC}") = "package.patapon.masterserver.shared", "..\..\..\..\Common\Packages\package.patapon.masterserver.shared\package.patapon.masterserver.shared.csproj", "{C5B3ABED-CDCF-4BCD-A557-63E877ED6611}"
EndProject
Global
	GlobalSection(SolutionConfigurationPlatforms) = preSolution
		Debug|Any CPU = Debug|Any CPU
		Release|Any CPU = Release|Any CPU
	EndGlobalSection
	GlobalSection(ProjectConfigurationPlatforms) = postSolution
		{66716457-0D8A-4EE9-9CBE-FDE8235C7AA8}.Debug|Any CPU.ActiveCfg = Debug|Any CPU
		{66716457-0D8A-4EE9-9CBE-FDE8235C7AA8}.Debug|Any CPU.Build.0 = Debug|Any CPU
		{66716457-0D8A-4EE9-9CBE-FDE8235C7AA8}.Release|Any CPU.ActiveCfg = Release|Any CPU
		{66716457-0D8A-4EE9-9CBE-FDE8235C7AA8}.Release|Any CPU.Build.0 = Release|Any CPU
		{C5B3ABED-CDCF-4BCD-A557-63E877ED6611}.Debug|Any CPU.ActiveCfg = Debug|Any CPU
		{C5B3ABED-CDCF-4BCD-A557-63E877ED6611}.Debug|Any CPU.Build.0 = Debug|Any CPU
		{C5B3ABED-CDCF-4BCD-A557-63E877ED6611}.Release|Any CPU.ActiveCfg = Release|Any CPU
		{C5B3ABED-CDCF-4BCD-A557-63E877ED6611}.Release|Any CPU.Build.0 = Release|Any CPU
	EndGlobalSection
EndGlobal
